<?xml version="1.0" encoding="utf-8"?>
<Project ToolsVersion="4.0" xmlns="http://schemas.microsoft.com/developer/msbuild/2003">
  <ItemGroup>
    <Filter Include="Source Files">
      <UniqueIdentifier>{8A612473-3B16-4374-9C89-FE17A99A2BD3}</UniqueIdentifier>
      <Extensions>cpp;c;cc;cxx;def;odl;idl;hpj;bat;asm;asmx</Extensions>
    </Filter>
    <Filter Include="Header Files">
      <UniqueIdentifier>{headersGUID}</UniqueIdentifier>
      <Extensions>h;hh;hpp;hxx;hm;inl;inc;xsd</Extensions>
    </Filter>
    <Filter Include="Resource Files">
      <UniqueIdentifier>{0882FEBE-7AD3-46F5-8514-41BAA20AB742}</UniqueIdentifier>
      <Extensions>rc;ico;cur;bmp;dlg;rc2;rct;bin;rgs;gif;jpg;jpeg;jpe;resx;tiff;tif;png;wav;mfcribbon-ms</Extensions>
    </Filter>
  </ItemGroup>
  <ItemGroup>
    <ClCompile Include="main.cpp">
      <Filter>Source Files</Filter>
    </ClCompile>
    <ClCompile Include="dlib_resnet_face_recognition.cpp">
      <Filter>Source Files</Filter>
    </ClCompile>
    <ClCompile Include="lang.cpp">
      <Filter>Source Files</Filter>
    </ClCompile>
    <ClCompile Include="opencv_resnet_face_detection.cpp">
      <Filter>Source Files</Filter>
    </ClCompile>
    <ClCompile Include="speak.cpp">
      <Filter>Source Files</Filter>
    </ClCompile>
  </ItemGroup>
  <ItemGroup>
    <ClInclude Include="dirent.h">
      <Filter>Header Files</Filter>
    </ClInclude>
    <ClInclude Include="dlib_resnet_face_recognition.h">
      <Filter>Header Files</Filter>
    </ClInclude>
    <ClInclude Include="kbhit.h">
      <Filter>Header Files</Filter>
    </ClInclude>
    <ClInclude Include="lang.h">
      <Filter>Header Files</Filter>
    </ClInclude>
    <ClInclude Include="listdir.h">
      <Filter>Header Files</Filter>
    </ClInclude>
    <ClInclude Include="opencv_resnet_face_detection.h">
      <Filter>Header Files</Filter>
    </ClInclude>
    <ClInclude Include="pathutils.h">
      <Filter>Header Files</Filter>
    </ClInclude>
    <ClInclude Include="speak.h">
      <Filter>Header Files</Filter>
    </ClInclude>
  </ItemGroup>
</Project>